
Microsoft Visual Studio Solution File, Format Version 12.00
# Visual Studio Version 17
VisualStudioVersion = 17.0.31903.59
MinimumVisualStudioVersion = 10.0.40219.1
Project("{2150E333-8FDC-42A3-9474-1A3956D46DE8}") = "src", "src", "{827E0CD3-B72D-47B6-A68D-7590B98EB39B}"
EndProject
Project("{FAE04EC0-301F-11D3-BF4B-00C04F79EFBC}") = "Paytness", "src\Paytness\Paytness.csproj", "{1E2789F9-FCCD-41D1-86D4-96D105D619FE}"
EndProject
Project("{2150E333-8FDC-42A3-9474-1A3956D46DE8}") = "tests", "tests", "{0AB3BF05-4346-4AA6-1389-037BE0695223}"
EndProject
Project("{FAE04EC0-301F-11D3-BF4B-00C04F79EFBC}") = "Paytness.Tests", "tests\Paytness.Tests\Paytness.Tests.csproj", "{48722BBB-C19A-4DA6-B759-F406F970384D}"
EndProject
Global
	GlobalSection(SolutionConfigurationPlatforms) = preSolution
		Debug|Any CPU = Debug|Any CPU
		Debug|x64 = Debug|x64
		Debug|x86 = Debug|x86
		Release|Any CPU = Release|Any CPU
		Release|x64 = Release|x64
		Release|x86 = Release|x86
	EndGlobalSection
	GlobalSection(ProjectConfigurationPlatforms) = postSolution
		{1E2789F9-FCCD-41D1-86D4-96D105D619FE}.Debug|Any CPU.ActiveCfg = Debug|Any CPU
		{1E2789F9-FCCD-41D1-86D4-96D105D619FE}.Debug|Any CPU.Build.0 = Debug|Any CPU
		{1E2789F9-FCCD-41D1-86D4-96D105D619FE}.Debug|x64.ActiveCfg = Debug|Any CPU
		{1E2789F9-FCCD-41D1-86D4-96D105D619FE}.Debug|x64.Build.0 = Debug|Any CPU
		{1E2789F9-FCCD-41D1-86D4-96D105D619FE}.Debug|x86.ActiveCfg = Debug|Any CPU
		{1E2789F9-FCCD-41D1-86D4-96D105D619FE}.Debug|x86.Build.0 = Debug|Any CPU
		{1E2789F9-FCCD-41D1-86D4-96D105D619FE}.Release|Any CPU.ActiveCfg = Release|Any CPU
		{1E2789F9-FCCD-41D1-86D4-96D105D619FE}.Release|Any CPU.Build.0 = Release|Any CPU
		{1E2789F9-FCCD-41D1-86D4-96D105D619FE}.Release|x64.ActiveCfg = Release|Any CPU
		{1E2789F9-FCCD-41D1-86D4-96D105D619FE}.Release|x64.Build.0 = Release|Any CPU
		{1E2789F9-FCCD-41D1-86D4-96D105D619FE}.Release|x86.ActiveCfg = Release|Any CPU
		{1E2789F9-FCCD-41D1-86D4-96D105D619FE}.Release|x86.Build.0 = Release|Any CPU
		{48722BBB-C19A-4DA6-B759-F406F970384D}.Debug|Any CPU.ActiveCfg = Debug|Any CPU
		{48722BBB-C19A-4DA6-B759-F406F970384D}.Debug|Any CPU.Build.0 = Debug|Any CPU
		{48722BBB-C19A-4DA6-B759-F406F970384D}.Debug|x64.ActiveCfg = Debug|Any CPU
		{48722BBB-C19A-4DA6-B759-F406F970384D}.Debug|x64.Build.0 = Debug|Any CPU
		{48722BBB-C19A-4DA6-B759-F406F970384D}.Debug|x86.ActiveCfg = Debug|Any CPU
		{48722BBB-C19A-4DA6-B759-F406F970384D}.Debug|x86.Build.0 = Debug|Any CPU
		{48722BBB-C19A-4DA6-B759-F406F970384D}.Release|Any CPU.ActiveCfg = Release|Any CPU
		{48722BBB-C19A-4DA6-B759-F406F970384D}.Release|Any CPU.Build.0 = Release|Any CPU
		{48722BBB-C19A-4DA6-B759-F406F970384D}.Release|x64.ActiveCfg = Release|Any CPU
		{48722BBB-C19A-4DA6-B759-F406F970384D}.Release|x64.Build.0 = Release|Any CPU
		{48722BBB-C19A-4DA6-B759-F406F970384D}.Release|x86.ActiveCfg = Release|Any CPU
		{48722BBB-C19A-4DA6-B759-F406F970384D}.Release|x86.Build.0 = Release|Any CPU
	EndGlobalSection
	GlobalSection(SolutionProperties) = preSolution
		HideSolutionNode = FALSE
	EndGlobalSection
	GlobalSection(NestedProjects) = preSolution
		{1E2789F9-FCCD-41D1-86D4-96D105D619FE} = {827E0CD3-B72D-47B6-A68D-7590B98EB39B}
		{48722BBB-C19A-4DA6-B759-F406F970384D} = {0AB3BF05-4346-4AA6-1389-037BE0695223}
	EndGlobalSection
EndGlobal
